
Microsoft Visual Studio Solution File, Format Version 12.00
# Visual Studio Version 17
VisualStudioVersion = 17.1.31911.260
MinimumVisualStudioVersion = 10.0.40219.1
Project("{F2A71F9B-5D33-465A-A702-920D77279786}") = "AKConcept", "AKConcept\AKConcept.fsproj", "{10A25652-C4B9-4A58-8317-A96AAB50FF89}"
EndProject
Global
	GlobalSection(SolutionConfigurationPlatforms) = preSolution
		Debug|Any CPU = Debug|Any CPU
		Release|Any CPU = Release|Any CPU
	EndGlobalSection
	GlobalSection(ProjectConfigurationPlatforms) = postSolution
		{10A25652-C4B9-4A58-8317-A96AAB50FF89}.Debug|Any CPU.ActiveCfg = Debug|Any CPU
		{10A25652-C4B9-4A58-8317-A96AAB50FF89}.Debug|Any CPU.Build.0 = Debug|Any CPU
		{10A25652-C4B9-4A58-8317-A96AAB50FF89}.Release|Any CPU.ActiveCfg = Release|Any CPU
		{10A25652-C4B9-4A58-8317-A96AAB50FF89}.Release|Any CPU.Build.0 = Release|Any CPU
	EndGlobalSection
	GlobalSection(SolutionProperties) = preSolution
		HideSolutionNode = FALSE
	EndGlobalSection
	GlobalSection(ExtensibilityGlobals) = postSolution
		SolutionGuid = {53882C0D-38B9-4FD1-B8D7-DDA3672B085F}
	EndGlobalSection
EndGlobal
